
Microsoft Visual Studio Solution File, Format Version 12.00
# Visual Studio 2012
Project("{FAE04EC0-301F-11D3-BF4B-00C04F79EFBC}") = "WebApplicationManagementFootballLeague", "WebApplicationManagementFootballLeague\WebApplicationManagementFootballLeague.csproj", "{B9B722F7-F394-42F5-9E0E-45594049289D}"
EndProject
Project("{2150E333-8FDC-42A3-9474-1A3956D46DE8}") = "Presentation", "Presentation", "{7C5671A3-8DF9-4A7E-8465-C5FEDBEE7446}"
EndProject
Project("{FAE04EC0-301F-11D3-BF4B-00C04F79EFBC}") = "AdministrativePanel", "AdministrativePanel\AdministrativePanel.csproj", "{D93E4A13-1740-490F-9F3B-92930DC3A5C4}"
EndProject
Global
	GlobalSection(SolutionConfigurationPlatforms) = preSolution
		Debug|Any CPU = Debug|Any CPU
		Release|Any CPU = Release|Any CPU
	EndGlobalSection
	GlobalSection(ProjectConfigurationPlatforms) = postSolution
		{B9B722F7-F394-42F5-9E0E-45594049289D}.Debug|Any CPU.ActiveCfg = Debug|Any CPU
		{B9B722F7-F394-42F5-9E0E-45594049289D}.Debug|Any CPU.Build.0 = Debug|Any CPU
		{B9B722F7-F394-42F5-9E0E-45594049289D}.Release|Any CPU.ActiveCfg = Release|Any CPU
		{B9B722F7-F394-42F5-9E0E-45594049289D}.Release|Any CPU.Build.0 = Release|Any CPU
		{D93E4A13-1740-490F-9F3B-92930DC3A5C4}.Debug|Any CPU.ActiveCfg = Debug|Any CPU
		{D93E4A13-1740-490F-9F3B-92930DC3A5C4}.Debug|Any CPU.Build.0 = Debug|Any CPU
		{D93E4A13-1740-490F-9F3B-92930DC3A5C4}.Release|Any CPU.ActiveCfg = Release|Any CPU
		{D93E4A13-1740-490F-9F3B-92930DC3A5C4}.Release|Any CPU.Build.0 = Release|Any CPU
	EndGlobalSection
	GlobalSection(SolutionProperties) = preSolution
		HideSolutionNode = FALSE
	EndGlobalSection
	GlobalSection(NestedProjects) = preSolution
		{B9B722F7-F394-42F5-9E0E-45594049289D} = {7C5671A3-8DF9-4A7E-8465-C5FEDBEE7446}
		{D93E4A13-1740-490F-9F3B-92930DC3A5C4} = {7C5671A3-8DF9-4A7E-8465-C5FEDBEE7446}
	EndGlobalSection
EndGlobal
