
Microsoft Visual Studio Solution File, Format Version 12.00
# Visual Studio 2012
Project("{FAE04EC0-301F-11D3-BF4B-00C04F79EFBC}") = "WebApplicationManagementFootballLeague", "WebApplicationManagementFootballLeague\WebApplicationManagementFootballLeague.csproj", "{0D6DC143-4AC4-4AB6-B2A1-D236564512E9}"
EndProject
Project("{FAE04EC0-301F-11D3-BF4B-00C04F79EFBC}") = "AdministrativePanel", "AdministrativePanel\AdministrativePanel.csproj", "{DAEFD5F1-60FC-4930-A3F9-43DEAB8E56DF}"
EndProject
Global
	GlobalSection(SolutionConfigurationPlatforms) = preSolution
		Debug|Any CPU = Debug|Any CPU
		Release|Any CPU = Release|Any CPU
	EndGlobalSection
	GlobalSection(ProjectConfigurationPlatforms) = postSolution
		{0D6DC143-4AC4-4AB6-B2A1-D236564512E9}.Debug|Any CPU.ActiveCfg = Debug|Any CPU
		{0D6DC143-4AC4-4AB6-B2A1-D236564512E9}.Debug|Any CPU.Build.0 = Debug|Any CPU
		{0D6DC143-4AC4-4AB6-B2A1-D236564512E9}.Release|Any CPU.ActiveCfg = Release|Any CPU
		{0D6DC143-4AC4-4AB6-B2A1-D236564512E9}.Release|Any CPU.Build.0 = Release|Any CPU
		{DAEFD5F1-60FC-4930-A3F9-43DEAB8E56DF}.Debug|Any CPU.ActiveCfg = Debug|Any CPU
		{DAEFD5F1-60FC-4930-A3F9-43DEAB8E56DF}.Debug|Any CPU.Build.0 = Debug|Any CPU
		{DAEFD5F1-60FC-4930-A3F9-43DEAB8E56DF}.Release|Any CPU.ActiveCfg = Release|Any CPU
		{DAEFD5F1-60FC-4930-A3F9-43DEAB8E56DF}.Release|Any CPU.Build.0 = Release|Any CPU
	EndGlobalSection
	GlobalSection(SolutionProperties) = preSolution
		HideSolutionNode = FALSE
	EndGlobalSection
EndGlobal
